
Microsoft Visual Studio Solution File, Format Version 12.00
# Visual Studio Version 17
VisualStudioVersion = 17.9.34701.34
MinimumVisualStudioVersion = 10.0.40219.1
Project("{FAE04EC0-301F-11D3-BF4B-00C04F79EFBC}") = "FlightApi", "FlightApi.csproj", "{281B001C-5889-445D-A0FA-91DEAD8F1EBB}"
EndProject
Global
	GlobalSection(SolutionConfigurationPlatforms) = preSolution
		Debug|Any CPU = Debug|Any CPU
		Release|Any CPU = Release|Any CPU
	EndGlobalSection
	GlobalSection(ProjectConfigurationPlatforms) = postSolution
		{281B001C-5889-445D-A0FA-91DEAD8F1EBB}.Debug|Any CPU.ActiveCfg = Debug|Any CPU
		{281B001C-5889-445D-A0FA-91DEAD8F1EBB}.Debug|Any CPU.Build.0 = Debug|Any CPU
		{281B001C-5889-445D-A0FA-91DEAD8F1EBB}.Release|Any CPU.ActiveCfg = Release|Any CPU
		{281B001C-5889-445D-A0FA-91DEAD8F1EBB}.Release|Any CPU.Build.0 = Release|Any CPU
	EndGlobalSection
	GlobalSection(SolutionProperties) = preSolution
		HideSolutionNode = FALSE
	EndGlobalSection
	GlobalSection(ExtensibilityGlobals) = postSolution
		SolutionGuid = {64AC5DA3-6FA5-4B24-8998-689260580E8E}
	EndGlobalSection
EndGlobal
